
Microsoft Visual Studio Solution File, Format Version 12.00
# Visual Studio Version 17
VisualStudioVersion = 17.4.33110.190
MinimumVisualStudioVersion = 10.0.40219.1
Project("{FAE04EC0-301F-11D3-BF4B-00C04F79EFBC}") = "ManageOrders00", "ManageOrders00\ManageOrders00.csproj", "{93692D24-0F33-48B2-AFC0-8D56F372373E}"
EndProject
Global
	GlobalSection(SolutionConfigurationPlatforms) = preSolution
		Debug|Any CPU = Debug|Any CPU
		Release|Any CPU = Release|Any CPU
	EndGlobalSection
	GlobalSection(ProjectConfigurationPlatforms) = postSolution
		{93692D24-0F33-48B2-AFC0-8D56F372373E}.Debug|Any CPU.ActiveCfg = Debug|Any CPU
		{93692D24-0F33-48B2-AFC0-8D56F372373E}.Debug|Any CPU.Build.0 = Debug|Any CPU
		{93692D24-0F33-48B2-AFC0-8D56F372373E}.Release|Any CPU.ActiveCfg = Release|Any CPU
		{93692D24-0F33-48B2-AFC0-8D56F372373E}.Release|Any CPU.Build.0 = Release|Any CPU
	EndGlobalSection
	GlobalSection(SolutionProperties) = preSolution
		HideSolutionNode = FALSE
	EndGlobalSection
	GlobalSection(ExtensibilityGlobals) = postSolution
		SolutionGuid = {F6F9C258-7248-4066-B50E-582851130665}
	EndGlobalSection
EndGlobal
